{
  "pins" : [
    {
      "identity" : "wellspent-ios-sdk",
      "kind" : "remoteSourceControl",
      "location" : "https://github.com/nlbb/Wellspent-iOS-SDK",
      "state" : {
        "branch" : "test/api-calls",
        "revision" : "5a92dfe9669b2d746ad86bd6561cdb34db846f0b"
      }
    }
  ],
  "version" : 2
}
